{
  "name": "talgaticus-site",
  "version": "0.10.0",
  "lockfileVersion": 3,
  "requires": true,
  "packages": {
    "": {
      "name": "talgaticus-site",
      "version": "0.10.0",
      "license": "Apache-2.0",
      "dependencies": {
        "@flancer32/teq-tmpl": "<=1.0.0",
        "@teqfw/cfg": ">=2.0.0",
        "@teqfw/cli": ">=2.4.0",
        "@teqfw/di": ">=2.9.0",
        "@teqfw/log": ">=2.0.0",
        "@teqfw/web": "^2.0.0",
        "marked": "^16.4.2",
        "mustache": "^4.2.0",
        "nunjucks": "^3.2.4",
        "yaml": "^2.9.1"
      },
      "devDependencies": {
        "@flancer32/teq-tmpl": "github:flancer32/teq-tmpl#main",
        "@types/node": "^20.19.43",
        "@xmldom/xmldom": "^0.9.12",
        "typescript": "^5.9.3"
      },
      "engines": {
        "node": ">=20"
      },
      "funding": {
        "type": "individual",
        "url": "https://github.com/sponsors/teqfw"
      }
    },
    "node_modules/@flancer32/teq-tmpl": {
      "version": "0.6.0",
      "resolved": "git+ssh://git@github.com/flancer32/teq-tmpl.git#eab9e03cae4cf5b4cb46a78c2e049efb5f1ae1cd",
      "dev": true,
      "license": "Apache-2.0",
      "dependencies": {
        "@teqfw/cfg": ">=2.0.0",
        "@teqfw/di": ">=2.9.0",
        "@teqfw/log": ">=2.0.0"
      },
      "engines": {
        "node": ">=20"
      },
      "funding": {
        "type": "individual",
        "url": "https://github.com/sponsors/teqfw"
      },
      "peerDependencies": {
        "@teqfw/cli": ">=2.1.0"
      }
    },
    "node_modules/@teqfw/cfg": {
      "version": "2.1.0",
      "resolved": "https://registry.npmjs.org/@teqfw/cfg/-/cfg-2.1.0.tgz",
      "integrity": "sha512-zRUSaHB8f4JrRU9HWtymSOz7QBNPwHesnrjSy1NkObP9Pcj6+iGZme0cglmHZUBOFQZVlHjhOL5/ctUlcH6xdg==",
      "license": "Apache-2.0",
      "dependencies": {
        "@teqfw/log": ">=2.1.0"
      },
      "engines": {
        "node": ">=20"
      },
      "funding": {
        "type": "individual",
        "url": "https://github.com/sponsors/teqfw"
      }
    },
    "node_modules/@teqfw/cli": {
      "version": "2.5.0",
      "resolved": "https://registry.npmjs.org/@teqfw/cli/-/cli-2.5.0.tgz",
      "integrity": "sha512-M2P5Jz98ELXkB8AC+mN46fRf3vto3VoKVxOr9YwU5zAETjyNYsrdZCddn5SyFGsLZ2etiVEbxE+xOLXcPVyYSw==",
      "license": "Apache-2.0",
      "dependencies": {
        "@teqfw/cfg": ">=2.0.0",
        "@teqfw/di": ">=2.11.0",
        "@teqfw/log": ">=2.0.0"
      },
      "bin": {
        "teq": "bin/teq.mjs"
      },
      "engines": {
        "node": ">=20"
      }
    },
    "node_modules/@teqfw/di": {
      "version": "2.11.0",
      "resolved": "https://registry.npmjs.org/@teqfw/di/-/di-2.11.0.tgz",
      "integrity": "sha512-wvURrWR8a3q0t5P/KlL+Rksnl90uEPbRbYcSEtAw3i2KU9kzkpHz6xoLrEZ0A34z2b2EQhni/SEOqNUTMzZppQ==",
      "license": "Apache-2.0",
      "engines": {
        "node": ">=20"
      },
      "funding": {
        "type": "individual",
        "url": "https://github.com/sponsors/teqfw"
      }
    },
    "node_modules/@teqfw/log": {
      "version": "2.1.2",
      "resolved": "https://registry.npmjs.org/@teqfw/log/-/log-2.1.2.tgz",
      "integrity": "sha512-RtNm6TZb2O/faDdDMJdk6yZ2RC2UP8H6mP8dq9Kf5fAHvkkLP6Xvj7tkOhtrOiTdMi5HbrYFGINhp4Gw4IFUAA==",
      "license": "Apache-2.0",
      "dependencies": {
        "@teqfw/di": ">=2.9.0"
      },
      "engines": {
        "node": ">=20"
      },
      "funding": {
        "type": "individual",
        "url": "https://github.com/sponsors/teqfw"
      }
    },
    "node_modules/@teqfw/web": {
      "version": "2.1.1",
      "resolved": "https://registry.npmjs.org/@teqfw/web/-/web-2.1.1.tgz",
      "integrity": "sha512-vv966Rtq2Ahe2xU31hIieHVNQ9lgAA4ARrhRSJkTl9TEgZihs51Ka20/WU1bHvIi+4qVk5TM3pGoihrRJHhAzw==",
      "license": "Apache-2.0",
      "dependencies": {
        "@teqfw/cfg": ">=2.0.0",
        "@teqfw/cli": ">=2.0.0",
        "@teqfw/di": ">=2.9.0",
        "@teqfw/log": ">=2.0.0"
      },
      "engines": {
        "node": ">=20"
      }
    },
    "node_modules/@types/node": {
      "version": "20.19.43",
      "resolved": "https://registry.npmjs.org/@types/node/-/node-20.19.43.tgz",
      "integrity": "sha512-6oYBAi5ikg4Pl+kGsoYtawUMBT2zZMCvPNF7pVLnHZfd1zf38DRiWn/gT01RYCdUqkv7Fhr+C9ot4/tb+2sVvA==",
      "dev": true,
      "license": "MIT",
      "dependencies": {
        "undici-types": "~6.21.0"
      }
    },
    "node_modules/@xmldom/xmldom": {
      "version": "0.9.12",
      "resolved": "https://registry.npmjs.org/@xmldom/xmldom/-/xmldom-0.9.12.tgz",
      "integrity": "sha512-5AXjrcMClTryPe9LgZrygpB1lj7s0S9E0+W+AHaVKAVyHanafK86iPSvG5xHVSp/jC+VH1UXu0TAEmY279xH7A==",
      "dev": true,
      "license": "MIT",
      "engines": {
        "node": ">=14.6"
      }
    },
    "node_modules/a-sync-waterfall": {
      "version": "1.0.1",
      "resolved": "https://registry.npmjs.org/a-sync-waterfall/-/a-sync-waterfall-1.0.1.tgz",
      "integrity": "sha512-RYTOHHdWipFUliRFMCS4X2Yn2X8M87V/OpSqWzKKOGhzqyUxzyVmhHDH9sAvG+ZuQf/TAOFsLCpMw09I1ufUnA==",
      "license": "MIT"
    },
    "node_modules/asap": {
      "version": "2.0.6",
      "resolved": "https://registry.npmjs.org/asap/-/asap-2.0.6.tgz",
      "integrity": "sha512-BSHWgDSAiKs50o2Re8ppvp3seVHXSRM44cdSsT9FfNEUUZLOGWVCsiWaRPWM1Znn+mqZ1OfVZ3z3DWEzSp7hRA==",
      "license": "MIT"
    },
    "node_modules/commander": {
      "version": "5.1.0",
      "resolved": "https://registry.npmjs.org/commander/-/commander-5.1.0.tgz",
      "integrity": "sha512-P0CysNDQ7rtVw4QIQtm+MRxV66vKFSvlsQvGYXZWR3qFU0jlMKHZZZgw8e+8DSah4UDKMqnknRDQz+xuQXQ/Zg==",
      "license": "MIT",
      "engines": {
        "node": ">= 6"
      }
    },
    "node_modules/marked": {
      "version": "16.4.2",
      "resolved": "https://registry.npmjs.org/marked/-/marked-16.4.2.tgz",
      "integrity": "sha512-TI3V8YYWvkVf3KJe1dRkpnjs68JUPyEa5vjKrp1XEEJUAOaQc+Qj+L1qWbPd0SJuAdQkFU0h73sXXqwDYxsiDA==",
      "license": "MIT",
      "bin": {
        "marked": "bin/marked.js"
      },
      "engines": {
        "node": ">= 20"
      }
    },
    "node_modules/mustache": {
      "version": "4.2.0",
      "resolved": "https://registry.npmjs.org/mustache/-/mustache-4.2.0.tgz",
      "integrity": "sha512-71ippSywq5Yb7/tVYyGbkBggbU8H3u5Rz56fH60jGFgr8uHwxs+aSKeqmluIVzM0m0kB7xQjKS6qPfd0b2ZoqQ==",
      "license": "MIT",
      "bin": {
        "mustache": "bin/mustache"
      }
    },
    "node_modules/nunjucks": {
      "version": "3.2.4",
      "resolved": "https://registry.npmjs.org/nunjucks/-/nunjucks-3.2.4.tgz",
      "integrity": "sha512-26XRV6BhkgK0VOxfbU5cQI+ICFUtMLixv1noZn1tGU38kQH5A5nmmbk/O45xdyBhD1esk47nKrY0mvQpZIhRjQ==",
      "license": "BSD-2-Clause",
      "dependencies": {
        "a-sync-waterfall": "^1.0.0",
        "asap": "^2.0.3",
        "commander": "^5.1.0"
      },
      "bin": {
        "nunjucks-precompile": "bin/precompile"
      },
      "engines": {
        "node": ">= 6.9.0"
      },
      "peerDependencies": {
        "chokidar": "^3.3.0"
      },
      "peerDependenciesMeta": {
        "chokidar": {
          "optional": true
        }
      }
    },
    "node_modules/typescript": {
      "version": "5.9.3",
      "resolved": "https://registry.npmjs.org/typescript/-/typescript-5.9.3.tgz",
      "integrity": "sha512-jl1vZzPDinLr9eUt3J/t7V6FgNEw9QjvBPdysz9KfQDD41fQrC2Y4vKQdiaUpFT4bXlb1RHhLpp8wtm6M5TgSw==",
      "dev": true,
      "license": "Apache-2.0",
      "bin": {
        "tsc": "bin/tsc",
        "tsserver": "bin/tsserver"
      },
      "engines": {
        "node": ">=14.17"
      }
    },
    "node_modules/undici-types": {
      "version": "6.21.0",
      "resolved": "https://registry.npmjs.org/undici-types/-/undici-types-6.21.0.tgz",
      "integrity": "sha512-iwDZqg0QAGrg9Rav5H4n0M64c3mkR59cJ6wQp+7C4nI0gsmExaedaYLNO44eT4AtBBwjbTiGPMlt2Md0T9H9JQ==",
      "dev": true,
      "license": "MIT"
    },
    "node_modules/yaml": {
      "version": "2.9.1",
      "resolved": "https://registry.npmjs.org/yaml/-/yaml-2.9.1.tgz",
      "integrity": "sha512-3NxN8+78OdzbT7C/WjGsyfPAtJaN3FNDsWxv7Y7mcDsT/oOmgW8BpyQQFFBnvZE3j9Y2Sdz1ULFLezL7Eb2yFw==",
      "license": "ISC",
      "bin": {
        "yaml": "bin.mjs"
      },
      "engines": {
        "node": ">= 14.6"
      },
      "funding": {
        "url": "https://github.com/sponsors/eemeli"
      }
    }
  }
}
